{
  "originHash" : "b59b06308765f2454138612368b8a4dd24bca080149e4baf1b7c85ad581365c0",
  "pins" : [
    {
      "identity" : "swiftui-gif",
      "kind" : "remoteSourceControl",
      "location" : "https://github.com/globulus/swiftui-gif",
      "state" : {
        "revision" : "471d37db548e79bdd62e7702dbceaf28ea1103f9",
        "version" : "1.1.0"
      }
    }
  ],
  "version" : 3
}
